
Microsoft Visual Studio Solution File, Format Version 12.00
# Visual Studio 14
VisualStudioVersion = 14.0.25123.0
MinimumVisualStudioVersion = 10.0.40219.1
Project("{FAE04EC0-301F-11D3-BF4B-00C04F79EFBC}") = "lcsFirstSteps", "lcsFirstSteps\lcsFirstSteps.csproj", "{BA6DDBFD-F11B-47D1-8D15-EB105BC832D6}"
EndProject
Project("{FAE04EC0-301F-11D3-BF4B-00C04F79EFBC}") = "DataReader", "DataReader\DataReader.csproj", "{437DFDEC-18C3-4EA6-B259-809F15AE5D8E}"
EndProject
Project("{FAE04EC0-301F-11D3-BF4B-00C04F79EFBC}") = "DataWriter", "DataWriter\DataWriter.csproj", "{5BB7108B-98F1-4D20-93DE-93FCAAD449E4}"
EndProject
Project("{FAE04EC0-301F-11D3-BF4B-00C04F79EFBC}") = "Contracts", "Contracts\Contracts.csproj", "{12C07C3C-36B0-409A-9527-F7245E6601C6}"
EndProject
Project("{FAE04EC0-301F-11D3-BF4B-00C04F79EFBC}") = "Models", "Models\Models.csproj", "{E526B3FE-D713-4394-A3AD-A5382865444A}"
EndProject
Project("{FAE04EC0-301F-11D3-BF4B-00C04F79EFBC}") = "Persistence", "Persistence\Persistence.csproj", "{D297AF7D-AA7A-4C9D-B9D7-CC9C639527F6}"
EndProject
Global
	GlobalSection(SolutionConfigurationPlatforms) = preSolution
		Debug|Any CPU = Debug|Any CPU
		Release|Any CPU = Release|Any CPU
	EndGlobalSection
	GlobalSection(ProjectConfigurationPlatforms) = postSolution
		{BA6DDBFD-F11B-47D1-8D15-EB105BC832D6}.Debug|Any CPU.ActiveCfg = Debug|Any CPU
		{BA6DDBFD-F11B-47D1-8D15-EB105BC832D6}.Debug|Any CPU.Build.0 = Debug|Any CPU
		{BA6DDBFD-F11B-47D1-8D15-EB105BC832D6}.Release|Any CPU.ActiveCfg = Release|Any CPU
		{BA6DDBFD-F11B-47D1-8D15-EB105BC832D6}.Release|Any CPU.Build.0 = Release|Any CPU
		{437DFDEC-18C3-4EA6-B259-809F15AE5D8E}.Debug|Any CPU.ActiveCfg = Debug|Any CPU
		{437DFDEC-18C3-4EA6-B259-809F15AE5D8E}.Debug|Any CPU.Build.0 = Debug|Any CPU
		{437DFDEC-18C3-4EA6-B259-809F15AE5D8E}.Release|Any CPU.ActiveCfg = Release|Any CPU
		{437DFDEC-18C3-4EA6-B259-809F15AE5D8E}.Release|Any CPU.Build.0 = Release|Any CPU
		{5BB7108B-98F1-4D20-93DE-93FCAAD449E4}.Debug|Any CPU.ActiveCfg = Debug|Any CPU
		{5BB7108B-98F1-4D20-93DE-93FCAAD449E4}.Debug|Any CPU.Build.0 = Debug|Any CPU
		{5BB7108B-98F1-4D20-93DE-93FCAAD449E4}.Release|Any CPU.ActiveCfg = Release|Any CPU
		{5BB7108B-98F1-4D20-93DE-93FCAAD449E4}.Release|Any CPU.Build.0 = Release|Any CPU
		{12C07C3C-36B0-409A-9527-F7245E6601C6}.Debug|Any CPU.ActiveCfg = Debug|Any CPU
		{12C07C3C-36B0-409A-9527-F7245E6601C6}.Debug|Any CPU.Build.0 = Debug|Any CPU
		{12C07C3C-36B0-409A-9527-F7245E6601C6}.Release|Any CPU.ActiveCfg = Release|Any CPU
		{12C07C3C-36B0-409A-9527-F7245E6601C6}.Release|Any CPU.Build.0 = Release|Any CPU
		{E526B3FE-D713-4394-A3AD-A5382865444A}.Debug|Any CPU.ActiveCfg = Debug|Any CPU
		{E526B3FE-D713-4394-A3AD-A5382865444A}.Debug|Any CPU.Build.0 = Debug|Any CPU
		{E526B3FE-D713-4394-A3AD-A5382865444A}.Release|Any CPU.ActiveCfg = Release|Any CPU
		{E526B3FE-D713-4394-A3AD-A5382865444A}.Release|Any CPU.Build.0 = Release|Any CPU
		{D297AF7D-AA7A-4C9D-B9D7-CC9C639527F6}.Debug|Any CPU.ActiveCfg = Debug|Any CPU
		{D297AF7D-AA7A-4C9D-B9D7-CC9C639527F6}.Debug|Any CPU.Build.0 = Debug|Any CPU
		{D297AF7D-AA7A-4C9D-B9D7-CC9C639527F6}.Release|Any CPU.ActiveCfg = Release|Any CPU
		{D297AF7D-AA7A-4C9D-B9D7-CC9C639527F6}.Release|Any CPU.Build.0 = Release|Any CPU
	EndGlobalSection
	GlobalSection(SolutionProperties) = preSolution
		HideSolutionNode = FALSE
	EndGlobalSection
EndGlobal
